// !$*UTF8*$!
{
	archiveVersion = 1;
	classes = {
	};
	objectVersion = 55;
	objects = {

/* Begin PBXBuildFile section */
		F3795FFF27BA3E4F00E16B86 /* AppDelegate.swift in Sources */ = {isa = PBXBuildFile; fileRef = F3795FFE27BA3E4F00E16B86 /* AppDelegate.swift */; };
		F379600127BA3E4F00E16B86 /* SceneDelegate.swift in Sources */ = {isa = PBXBuildFile; fileRef = F379600027BA3E4F00E16B86 /* SceneDelegate.swift */; };
		F379600827BA3E5200E16B86 /* Assets.xcassets in Resources */ = {isa = PBXBuildFile; fileRef = F379600727BA3E5200E16B86 /* Assets.xcassets */; };
		F379600B27BA3E5200E16B86 /* LaunchScreen.storyboard in Resources */ = {isa = PBXBuildFile; fileRef = F379600927BA3E5200E16B86 /* LaunchScreen.storyboard */; };
		F379601427BA3FC100E16B86 /* Router.swift in Sources */ = {isa = PBXBuildFile; fileRef = F379601327BA3FC100E16B86 /* Router.swift */; };
		F379601627BA3FD500E16B86 /* Presenter.swift in Sources */ = {isa = PBXBuildFile; fileRef = F379601527BA3FD500E16B86 /* Presenter.swift */; };
		F379601827BA3FE600E16B86 /* View.swift in Sources */ = {isa = PBXBuildFile; fileRef = F379601727BA3FE600E16B86 /* View.swift */; };
		F379601A27BA3FF500E16B86 /* Interactor.swift in Sources */ = {isa = PBXBuildFile; fileRef = F379601927BA3FF500E16B86 /* Interactor.swift */; };
		F379601C27BA400400E16B86 /* Entity.swift in Sources */ = {isa = PBXBuildFile; fileRef = F379601B27BA400400E16B86 /* Entity.swift */; };
/* End PBXBuildFile section */

/* Begin PBXFileReference section */
		F3795FFB27BA3E4F00E16B86 /* demoVIPER.app */ = {isa = PBXFileReference; explicitFileType = wrapper.application; includeInIndex = 0; path = demoVIPER.app; sourceTree = BUILT_PRODUCTS_DIR; };
		F3795FFE27BA3E4F00E16B86 /* AppDelegate.swift */ = {isa = PBXFileReference; lastKnownFileType = sourcecode.swift; path = AppDelegate.swift; sourceTree = "<group>"; };
		F379600027BA3E4F00E16B86 /* SceneDelegate.swift */ = {isa = PBXFileReference; lastKnownFileType = sourcecode.swift; path = SceneDelegate.swift; sourceTree = "<group>"; };
		F379600727BA3E5200E16B86 /* Assets.xcassets */ = {isa = PBXFileReference; lastKnownFileType = folder.assetcatalog; path = Assets.xcassets; sourceTree = "<group>"; };
		F379600A27BA3E5200E16B86 /* Base */ = {isa = PBXFileReference; lastKnownFileType = file.storyboard; name = Base; path = Base.lproj/LaunchScreen.storyboard; sourceTree = "<group>"; };
		F379600C27BA3E5200E16B86 /* Info.plist */ = {isa = PBXFileReference; lastKnownFileType = text.plist.xml; path = Info.plist; sourceTree = "<group>"; };
		F379601327BA3FC100E16B86 /* Router.swift */ = {isa = PBXFileReference; lastKnownFileType = sourcecode.swift; path = Router.swift; sourceTree = "<group>"; };
		F379601527BA3FD500E16B86 /* Presenter.swift */ = {isa = PBXFileReference; lastKnownFileType = sourcecode.swift; path = Presenter.swift; sourceTree = "<group>"; };
		F379601727BA3FE600E16B86 /* View.swift */ = {isa = PBXFileReference; lastKnownFileType = sourcecode.swift; path = View.swift; sourceTree = "<group>"; };
		F379601927BA3FF500E16B86 /* Interactor.swift */ = {isa = PBXFileReference; lastKnownFileType = sourcecode.swift; path = Interactor.swift; sourceTree = "<group>"; };
		F379601B27BA400400E16B86 /* Entity.swift */ = {isa = PBXFileReference; lastKnownFileType = sourcecode.swift; path = Entity.swift; sourceTree = "<group>"; };
/* End PBXFileReference section */

/* Begin PBXFrameworksBuildPhase section */
		F3795FF827BA3E4F00E16B86 /* Frameworks */ = {
			isa = PBXFrameworksBuildPhase;
			buildActionMask = 2147483647;
			files = (
			);
			runOnlyForDeploymentPostprocessing = 0;
		};
/* End PBXFrameworksBuildPhase section */

/* Begin PBXGroup section */
		F3795FF227BA3E4F00E16B86 = {
			isa = PBXGroup;
			children = (
				F3795FFD27BA3E4F00E16B86 /* demoVIPER */,
				F3795FFC27BA3E4F00E16B86 /* Products */,
			);
			sourceTree = "<group>";
		};
		F3795FFC27BA3E4F00E16B86 /* Products */ = {
			isa = PBXGroup;
			children = (
				F3795FFB27BA3E4F00E16B86 /* demoVIPER.app */,
			);
			name = Products;
			sourceTree = "<group>";
		};
		F3795FFD27BA3E4F00E16B86 /* demoVIPER */ = {
			isa = PBXGroup;
			children = (
				F379601227BA3FAF00E16B86 /* VIPER */,
				F3795FFE27BA3E4F00E16B86 /* AppDelegate.swift */,
				F379600027BA3E4F00E16B86 /* SceneDelegate.swift */,
				F379600727BA3E5200E16B86 /* Assets.xcassets */,
				F379600927BA3E5200E16B86 /* LaunchScreen.storyboard */,
				F379600C27BA3E5200E16B86 /* Info.plist */,
			);
			path = demoVIPER;
			sourceTree = "<group>";
		};
		F379601227BA3FAF00E16B86 /* VIPER */ = {
			isa = PBXGroup;
			children = (
				F379601727BA3FE600E16B86 /* View.swift */,
				F379601927BA3FF500E16B86 /* Interactor.swift */,
				F379601527BA3FD500E16B86 /* Presenter.swift */,
				F379601B27BA400400E16B86 /* Entity.swift */,
				F379601327BA3FC100E16B86 /* Router.swift */,
			);
			path = VIPER;
			sourceTree = "<group>";
		};
/* End PBXGroup section */

/* Begin PBXNativeTarget section */
		F3795FFA27BA3E4F00E16B86 /* demoVIPER */ = {
			isa = PBXNativeTarget;
			buildConfigurationList = F379600F27BA3E5200E16B86 /* Build configuration list for PBXNativeTarget "demoVIPER" */;
			buildPhases = (
				F3795FF727BA3E4F00E16B86 /* Sources */,
				F3795FF827BA3E4F00E16B86 /* Frameworks */,
				F3795FF927BA3E4F00E16B86 /* Resources */,
			);
			buildRules = (
			);
			dependencies = (
			);
			name = demoVIPER;
			productName = demoVIPER;
			productReference = F3795FFB27BA3E4F00E16B86 /* demoVIPER.app */;
			productType = "com.apple.product-type.application";
		};
/* End PBXNativeTarget section */

/* Begin PBXProject section */
		F3795FF327BA3E4F00E16B86 /* Project object */ = {
			isa = PBXProject;
			attributes = {
				BuildIndependentTargetsInParallel = 1;
				LastSwiftUpdateCheck = 1320;
				LastUpgradeCheck = 1320;
				TargetAttributes = {
					F3795FFA27BA3E4F00E16B86 = {
						CreatedOnToolsVersion = 13.2.1;
					};
				};
			};
			buildConfigurationList = F3795FF627BA3E4F00E16B86 /* Build configuration list for PBXProject "demoVIPER" */;
			compatibilityVersion = "Xcode 13.0";
			developmentRegion = en;
			hasScannedForEncodings = 0;
			knownRegions = (
				en,
				Base,
			);
			mainGroup = F3795FF227BA3E4F00E16B86;
			productRefGroup = F3795FFC27BA3E4F00E16B86 /* Products */;
			projectDirPath = "";
			projectRoot = "";
			targets = (
				F3795FFA27BA3E4F00E16B86 /* demoVIPER */,
			);
		};
/* End PBXProject section */

/* Begin PBXResourcesBuildPhase section */
		F3795FF927BA3E4F00E16B86 /* Resources */ = {
			isa = PBXResourcesBuildPhase;
			buildActionMask = 2147483647;
			files = (
				F379600B27BA3E5200E16B86 /* LaunchScreen.storyboard in Resources */,
				F379600827BA3E5200E16B86 /* Assets.xcassets in Resources */,
			);
			runOnlyForDeploymentPostprocessing = 0;
		};
/* End PBXResourcesBuildPhase section */

/* Begin PBXSourcesBuildPhase section */
		F3795FF727BA3E4F00E16B86 /* Sources */ = {
			isa = PBXSourcesBuildPhase;
			buildActionMask = 2147483647;
			files = (
				F379601427BA3FC100E16B86 /* Router.swift in Sources */,
				F379601827BA3FE600E16B86 /* View.swift in Sources */,
				F3795FFF27BA3E4F00E16B86 /* AppDelegate.swift in Sources */,
				F379601C27BA400400E16B86 /* Entity.swift in Sources */,
				F379600127BA3E4F00E16B86 /* SceneDelegate.swift in Sources */,
				F379601A27BA3FF500E16B86 /* Interactor.swift in Sources */,
				F379601627BA3FD500E16B86 /* Presenter.swift in Sources */,
			);
			runOnlyForDeploymentPostprocessing = 0;
		};
/* End PBXSourcesBuildPhase section */

/* Begin PBXVariantGroup section */
		F379600927BA3E5200E16B86 /* LaunchScreen.storyboard */ = {
			isa = PBXVariantGroup;
			children = (
				F379600A27BA3E5200E16B86 /* Base */,
			);
			name = LaunchScreen.storyboard;
			sourceTree = "<group>";
		};
/* End PBXVariantGroup section */

/* Begin XCBuildConfiguration section */
		F379600D27BA3E5200E16B86 /* Debug */ = {
			isa = XCBuildConfiguration;
			buildSettings = {
				ALWAYS_SEARCH_USER_PATHS = NO;
				CLANG_ANALYZER_NONNULL = YES;
				CLANG_ANALYZER_NUMBER_OBJECT_CONVERSION = YES_AGGRESSIVE;
				CLANG_CXX_LANGUAGE_STANDARD = "gnu++17";
				CLANG_CXX_LIBRARY = "libc++";
				CLANG_ENABLE_MODULES = YES;
				CLANG_ENABLE_OBJC_ARC = YES;
				CLANG_ENABLE_OBJC_WEAK = YES;
				CLANG_WARN_BLOCK_CAPTURE_AUTORELEASING = YES;
				CLANG_WARN_BOOL_CONVERSION = YES;
				CLANG_WARN_COMMA = YES;
				CLANG_WARN_CONSTANT_CONVERSION = YES;
				CLANG_WARN_DEPRECATED_OBJC_IMPLEMENTATIONS = YES;
				CLANG_WARN_DIRECT_OBJC_ISA_USAGE = YES_ERROR;
				CLANG_WARN_DOCUMENTATION_COMMENTS = YES;
				CLANG_WARN_EMPTY_BODY = YES;
				CLANG_WARN_ENUM_CONVERSION = YES;
				CLANG_WARN_INFINITE_RECURSION = YES;
				CLANG_WARN_INT_CONVERSION = YES;
				CLANG_WARN_NON_LITERAL_NULL_CONVERSION = YES;
				CLANG_WARN_OBJC_IMPLICIT_RETAIN_SELF = YES;
				CLANG_WARN_OBJC_LITERAL_CONVERSION = YES;
				CLANG_WARN_OBJC_ROOT_CLASS = YES_ERROR;
				CLANG_WARN_QUOTED_INCLUDE_IN_FRAMEWORK_HEADER = YES;
				CLANG_WARN_RANGE_LOOP_ANALYSIS = YES;
				CLANG_WARN_STRICT_PROTOTYPES = YES;
				CLANG_WARN_SUSPICIOUS_MOVE = YES;
				CLANG_WARN_UNGUARDED_AVAILABILITY = YES_AGGRESSIVE;
				CLANG_WARN_UNREACHABLE_CODE = YES;
				CLANG_WARN__DUPLICATE_METHOD_MATCH = YES;
				COPY_PHASE_STRIP = NO;
				DEBUG_INFORMATION_FORMAT = dwarf;
				ENABLE_STRICT_OBJC_MSGSEND = YES;
				ENABLE_TESTABILITY = YES;
				GCC_C_LANGUAGE_STANDARD = gnu11;
				GCC_DYNAMIC_NO_PIC = NO;
				GCC_NO_COMMON_BLOCKS = YES;
				GCC_OPTIMIZATION_LEVEL = 0;
				GCC_PREPROCESSOR_DEFINITIONS = (
					"DEBUG=1",
					"$(inherited)",
				);
				GCC_WARN_64_TO_32_BIT_CONVERSION = YES;
				GCC_WARN_ABOUT_RETURN_TYPE = YES_ERROR;
				GCC_WARN_UNDECLARED_SELECTOR = YES;
				GCC_WARN_UNINITIALIZED_AUTOS = YES_AGGRESSIVE;
				GCC_WARN_UNUSED_FUNCTION = YES;
				GCC_WARN_UNUSED_VARIABLE = YES;
				IPHONEOS_DEPLOYMENT_TARGET = 15.2;
				MTL_ENABLE_DEBUG_INFO = INCLUDE_SOURCE;
				MTL_FAST_MATH = YES;
				ONLY_ACTIVE_ARCH = YES;
				SDKROOT = iphoneos;
				SWIFT_ACTIVE_COMPILATION_CONDITIONS = DEBUG;
				SWIFT_OPTIMIZATION_LEVEL = "-Onone";
			};
			name = Debug;
		};
		F379600E27BA3E5200E16B86 /* Release */ = {
			isa = XCBuildConfiguration;
			buildSettings = {
				ALWAYS_SEARCH_USER_PATHS = NO;
				CLANG_ANALYZER_NONNULL = YES;
				CLANG_ANALYZER_NUMBER_OBJECT_CONVERSION = YES_AGGRESSIVE;
				CLANG_CXX_LANGUAGE_STANDARD = "gnu++17";
				CLANG_CXX_LIBRARY = "libc++";
				CLANG_ENABLE_MODULES = YES;
				CLANG_ENABLE_OBJC_ARC = YES;
				CLANG_ENABLE_OBJC_WEAK = YES;
				CLANG_WARN_BLOCK_CAPTURE_AUTORELEASING = YES;
				CLANG_WARN_BOOL_CONVERSION = YES;
				CLANG_WARN_COMMA = YES;
				CLANG_WARN_CONSTANT_CONVERSION = YES;
				CLANG_WARN_DEPRECATED_OBJC_IMPLEMENTATIONS = YES;
				CLANG_WARN_DIRECT_OBJC_ISA_USAGE = YES_ERROR;
				CLANG_WARN_DOCUMENTATION_COMMENTS = YES;
				CLANG_WARN_EMPTY_BODY = YES;
				CLANG_WARN_ENUM_CONVERSION = YES;
				CLANG_WARN_INFINITE_RECURSION = YES;
				CLANG_WARN_INT_CONVERSION = YES;
				CLANG_WARN_NON_LITERAL_NULL_CONVERSION = YES;
				CLANG_WARN_OBJC_IMPLICIT_RETAIN_SELF = YES;
				CLANG_WARN_OBJC_LITERAL_CONVERSION = YES;
				CLANG_WARN_OBJC_ROOT_CLASS = YES_ERROR;
				CLANG_WARN_QUOTED_INCLUDE_IN_FRAMEWORK_HEADER = YES;
				CLANG_WARN_RANGE_LOOP_ANALYSIS = YES;
				CLANG_WARN_STRICT_PROTOTYPES = YES;
				CLANG_WARN_SUSPICIOUS_MOVE = YES;
				CLANG_WARN_UNGUARDED_AVAILABILITY = YES_AGGRESSIVE;
				CLANG_WARN_UNREACHABLE_CODE = YES;
				CLANG_WARN__DUPLICATE_METHOD_MATCH = YES;
				COPY_PHASE_STRIP = NO;
				DEBUG_INFORMATION_FORMAT = "dwarf-with-dsym";
				ENABLE_NS_ASSERTIONS = NO;
				ENABLE_STRICT_OBJC_MSGSEND = YES;
				GCC_C_LANGUAGE_STANDARD = gnu11;
				GCC_NO_COMMON_BLOCKS = YES;
				GCC_WARN_64_TO_32_BIT_CONVERSION = YES;
				GCC_WARN_ABOUT_RETURN_TYPE = YES_ERROR;
				GCC_WARN_UNDECLARED_SELECTOR = YES;
				GCC_WARN_UNINITIALIZED_AUTOS = YES_AGGRESSIVE;
				GCC_WARN_UNUSED_FUNCTION = YES;
				GCC_WARN_UNUSED_VARIABLE = YES;
				IPHONEOS_DEPLOYMENT_TARGET = 15.2;
				MTL_ENABLE_DEBUG_INFO = NO;
				MTL_FAST_MATH = YES;
				SDKROOT = iphoneos;
				SWIFT_COMPILATION_MODE = wholemodule;
				SWIFT_OPTIMIZATION_LEVEL = "-O";
				VALIDATE_PRODUCT = YES;
			};
			name = Release;
		};
		F379601027BA3E5200E16B86 /* Debug */ = {
			isa = XCBuildConfiguration;
			buildSettings = {
				ASSETCATALOG_COMPILER_APPICON_NAME = AppIcon;
				ASSETCATALOG_COMPILER_GLOBAL_ACCENT_COLOR_NAME = AccentColor;
				CODE_SIGN_STYLE = Automatic;
				CURRENT_PROJECT_VERSION = 1;
				DEVELOPMENT_TEAM = 9H42AN9X2T;
				GENERATE_INFOPLIST_FILE = YES;
				INFOPLIST_FILE = demoVIPER/Info.plist;
				INFOPLIST_KEY_UIApplicationSupportsIndirectInputEvents = YES;
				INFOPLIST_KEY_UILaunchStoryboardName = LaunchScreen;
				INFOPLIST_KEY_UISupportedInterfaceOrientations_iPad = "UIInterfaceOrientationPortrait UIInterfaceOrientationPortraitUpsideDown UIInterfaceOrientationLandscapeLeft UIInterfaceOrientationLandscapeRight";
				INFOPLIST_KEY_UISupportedInterfaceOrientations_iPhone = "UIInterfaceOrientationPortrait UIInterfaceOrientationLandscapeLeft UIInterfaceOrientationLandscapeRight";
				IPHONEOS_DEPLOYMENT_TARGET = 13.0;
				LD_RUNPATH_SEARCH_PATHS = (
					"$(inherited)",
					"@executable_path/Frameworks",
				);
				MARKETING_VERSION = 1.0;
				PRODUCT_BUNDLE_IDENTIFIER = NikolaCube.demoVIPER;
				PRODUCT_NAME = "$(TARGET_NAME)";
				SWIFT_EMIT_LOC_STRINGS = YES;
				SWIFT_VERSION = 5.0;
				TARGETED_DEVICE_FAMILY = "1,2";
			};
			name = Debug;
		};
		F379601127BA3E5200E16B86 /* Release */ = {
			isa = XCBuildConfiguration;
			buildSettings = {
				ASSETCATALOG_COMPILER_APPICON_NAME = AppIcon;
				ASSETCATALOG_COMPILER_GLOBAL_ACCENT_COLOR_NAME = AccentColor;
				CODE_SIGN_STYLE = Automatic;
				CURRENT_PROJECT_VERSION = 1;
				DEVELOPMENT_TEAM = 9H42AN9X2T;
				GENERATE_INFOPLIST_FILE = YES;
				INFOPLIST_FILE = demoVIPER/Info.plist;
				INFOPLIST_KEY_UIApplicationSupportsIndirectInputEvents = YES;
				INFOPLIST_KEY_UILaunchStoryboardName = LaunchScreen;
				INFOPLIST_KEY_UISupportedInterfaceOrientations_iPad = "UIInterfaceOrientationPortrait UIInterfaceOrientationPortraitUpsideDown UIInterfaceOrientationLandscapeLeft UIInterfaceOrientationLandscapeRight";
				INFOPLIST_KEY_UISupportedInterfaceOrientations_iPhone = "UIInterfaceOrientationPortrait UIInterfaceOrientationLandscapeLeft UIInterfaceOrientationLandscapeRight";
				IPHONEOS_DEPLOYMENT_TARGET = 13.0;
				LD_RUNPATH_SEARCH_PATHS = (
					"$(inherited)",
					"@executable_path/Frameworks",
				);
				MARKETING_VERSION = 1.0;
				PRODUCT_BUNDLE_IDENTIFIER = NikolaCube.demoVIPER;
				PRODUCT_NAME = "$(TARGET_NAME)";
				SWIFT_EMIT_LOC_STRINGS = YES;
				SWIFT_VERSION = 5.0;
				TARGETED_DEVICE_FAMILY = "1,2";
			};
			name = Release;
		};
/* End XCBuildConfiguration section */

/* Begin XCConfigurationList section */
		F3795FF627BA3E4F00E16B86 /* Build configuration list for PBXProject "demoVIPER" */ = {
			isa = XCConfigurationList;
			buildConfigurations = (
				F379600D27BA3E5200E16B86 /* Debug */,
				F379600E27BA3E5200E16B86 /* Release */,
			);
			defaultConfigurationIsVisible = 0;
			defaultConfigurationName = Release;
		};
		F379600F27BA3E5200E16B86 /* Build configuration list for PBXNativeTarget "demoVIPER" */ = {
			isa = XCConfigurationList;
			buildConfigurations = (
				F379601027BA3E5200E16B86 /* Debug */,
				F379601127BA3E5200E16B86 /* Release */,
			);
			defaultConfigurationIsVisible = 0;
			defaultConfigurationName = Release;
		};
/* End XCConfigurationList section */
	};
	rootObject = F3795FF327BA3E4F00E16B86 /* Project object */;
}
